
Microsoft Visual Studio Solution File, Format Version 12.00
# Visual Studio 15
VisualStudioVersion = 15.0.28307.779
MinimumVisualStudioVersion = 10.0.40219.1
Project("{FAE04EC0-301F-11D3-BF4B-00C04F79EFBC}") = "Operaciones", "Operaciones\Operaciones.csproj", "{FDB98AEC-0B2F-48E4-BDDE-007826A6BD93}"
EndProject
Global
	GlobalSection(SolutionConfigurationPlatforms) = preSolution
		Debug|Any CPU = Debug|Any CPU
		Release|Any CPU = Release|Any CPU
	EndGlobalSection
	GlobalSection(ProjectConfigurationPlatforms) = postSolution
		{FDB98AEC-0B2F-48E4-BDDE-007826A6BD93}.Debug|Any CPU.ActiveCfg = Debug|Any CPU
		{FDB98AEC-0B2F-48E4-BDDE-007826A6BD93}.Debug|Any CPU.Build.0 = Debug|Any CPU
		{FDB98AEC-0B2F-48E4-BDDE-007826A6BD93}.Release|Any CPU.ActiveCfg = Release|Any CPU
		{FDB98AEC-0B2F-48E4-BDDE-007826A6BD93}.Release|Any CPU.Build.0 = Release|Any CPU
	EndGlobalSection
	GlobalSection(SolutionProperties) = preSolution
		HideSolutionNode = FALSE
	EndGlobalSection
	GlobalSection(ExtensibilityGlobals) = postSolution
		SolutionGuid = {191EA212-4389-40B9-9B3A-3C466B11D742}
	EndGlobalSection
EndGlobal
